
Microsoft Visual Studio Solution File, Format Version 12.00
# Visual Studio Version 17
VisualStudioVersion = 17.5.002.0
MinimumVisualStudioVersion = 10.0.40219.1
Project("{9A19103F-16F7-4668-BE54-9A1E7A4F7556}") = "PizzaStore", "PizzaStore.csproj", "{CFA4E916-44A0-4A22-805C-D66960750759}"
EndProject
Global
	GlobalSection(SolutionConfigurationPlatforms) = preSolution
		Debug|Any CPU = Debug|Any CPU
		Release|Any CPU = Release|Any CPU
	EndGlobalSection
	GlobalSection(ProjectConfigurationPlatforms) = postSolution
		{CFA4E916-44A0-4A22-805C-D66960750759}.Debug|Any CPU.ActiveCfg = Debug|Any CPU
		{CFA4E916-44A0-4A22-805C-D66960750759}.Debug|Any CPU.Build.0 = Debug|Any CPU
		{CFA4E916-44A0-4A22-805C-D66960750759}.Release|Any CPU.ActiveCfg = Release|Any CPU
		{CFA4E916-44A0-4A22-805C-D66960750759}.Release|Any CPU.Build.0 = Release|Any CPU
	EndGlobalSection
	GlobalSection(SolutionProperties) = preSolution
		HideSolutionNode = FALSE
	EndGlobalSection
	GlobalSection(ExtensibilityGlobals) = postSolution
		SolutionGuid = {AACA5FF6-2B31-4960-9949-93CDB59F175D}
	EndGlobalSection
EndGlobal
